
Microsoft Visual Studio Solution File, Format Version 12.00
# Visual Studio Version 16
VisualStudioVersion = 16.0.31005.135
MinimumVisualStudioVersion = 10.0.40219.1
Project("{FAE04EC0-301F-11D3-BF4B-00C04F79EFBC}") = "ApiWithToken", "ApiWithToken\ApiWithToken.csproj", "{EEDE394A-E6DC-4178-A794-C8366F365CE5}"
EndProject
Global
	GlobalSection(SolutionConfigurationPlatforms) = preSolution
		Debug|Any CPU = Debug|Any CPU
		Release|Any CPU = Release|Any CPU
	EndGlobalSection
	GlobalSection(ProjectConfigurationPlatforms) = postSolution
		{EEDE394A-E6DC-4178-A794-C8366F365CE5}.Debug|Any CPU.ActiveCfg = Debug|Any CPU
		{EEDE394A-E6DC-4178-A794-C8366F365CE5}.Debug|Any CPU.Build.0 = Debug|Any CPU
		{EEDE394A-E6DC-4178-A794-C8366F365CE5}.Release|Any CPU.ActiveCfg = Release|Any CPU
		{EEDE394A-E6DC-4178-A794-C8366F365CE5}.Release|Any CPU.Build.0 = Release|Any CPU
	EndGlobalSection
	GlobalSection(SolutionProperties) = preSolution
		HideSolutionNode = FALSE
	EndGlobalSection
	GlobalSection(ExtensibilityGlobals) = postSolution
		SolutionGuid = {EB0FFC85-DEA4-41E5-83F3-B2674E513421}
	EndGlobalSection
EndGlobal
